{
  "version": "5",
  "redirects": {
    "https://esm.sh/@pdf-lib/standard-fonts@^1.0.0?target=denonext": "https://esm.sh/@pdf-lib/standard-fonts@1.0.0?target=denonext",
    "https://esm.sh/@pdf-lib/upng@^1.0.1?target=denonext": "https://esm.sh/@pdf-lib/upng@1.0.1?target=denonext",
    "https://esm.sh/@types/pako@~1.0.7/index.d.ts": "https://esm.sh/@types/pako@1.0.7/index.d.ts",
    "https://esm.sh/pako@^1.0.10?target=denonext": "https://esm.sh/pako@1.0.11?target=denonext",
    "https://esm.sh/pako@^1.0.11?target=denonext": "https://esm.sh/pako@1.0.11?target=denonext",
    "https://esm.sh/pako@^1.0.6?target=denonext": "https://esm.sh/pako@1.0.11?target=denonext",
    "https://esm.sh/tslib@^1.11.1?target=denonext": "https://esm.sh/tslib@1.14.1?target=denonext"
  },
  "remote": {
    "https://edge.netlify.com/": "fd941d61d88673d5f28aab283fb86fcc50f08a3bc80ee5470498fcfa88c65cfb",
    "https://edge.netlify.com/bootstrap/config.ts": "6a2ce0e544e15e8f8883a5c18da5948e37fd0f2619f68cb31f3af53c51817025",
    "https://edge.netlify.com/bootstrap/context.ts": "e97240232121e2f369f6546ce961490f34d961ea1ea54be3ff09633e3f08373f",
    "https://edge.netlify.com/bootstrap/cookie.ts": "8b0baae708989ca183c6f3b4ab3d029e6abcbc2e43f93edeb0ff447b3bbc3a05",
    "https://edge.netlify.com/bootstrap/edge_function.ts": "b8253e86aa83c67341f5cfedeba5049d77fbf84dcab7eceff7566b7728ae9b39",
    "https://edge.netlify.com/bootstrap/globals/types.ts": "eaa6148ded3121d8dee62dd91c86e7fe76601df0f3ca8d7962243a30f4c8935f",
    "https://esm.sh/@pdf-lib/standard-fonts@1.0.0/denonext/standard-fonts.mjs": "708d496da295d425f227de54b24c0da9be34cd33f5635d9bdd355dc549b49988",
    "https://esm.sh/@pdf-lib/standard-fonts@1.0.0?target=denonext": "6831e71a173d549ea549bc8ca62160b5309cb77c41a4a34b04bc679c9bb390bf",
    "https://esm.sh/@pdf-lib/upng@1.0.1/denonext/upng.mjs": "725dab6b2d126a6cb418f24ed9bd0aa9400949cbbbe8dcb975241236fdfa2d0d",
    "https://esm.sh/@pdf-lib/upng@1.0.1?target=denonext": "0aa62a3f01d37283242d27853ae61c7e3b8e4504a80bf2f7e748efc43fb06b19",
    "https://esm.sh/pako@1.0.11/denonext/pako.mjs": "4895feb3e2441ef725da4052a5dc93d219d065fef1decc4452bb9b7ee1477c0d",
    "https://esm.sh/pako@1.0.11?target=denonext": "bc43f66ed245d58d468bf9867b3e9080c5b0590b4c14038ea308954490e0b2ea",
    "https://esm.sh/pdf-lib@1.17.1": "cf7c5527829cb9bbb3aa20d339c530067441c10eb98880360aea9e77c3c87ff8",
    "https://esm.sh/pdf-lib@1.17.1/denonext/es/core/annotation.mjs": "9fea26c9d06ec825c6bde7f498361fa4cf91cfa7f6c67c362c96edb812fe4619",
    "https://esm.sh/pdf-lib@1.17.1/denonext/es/utils.mjs": "cf96c5836fdd5f60eeccd53603c87b52c43c11c8b99e85f79f586be58a59f4d1",
    "https://esm.sh/pdf-lib@1.17.1/denonext/es/utils/index.mjs": "34773d399ffdacd2972f527377d293aa3bff9d3a0d31d48d956a00c9c0c32329",
    "https://esm.sh/pdf-lib@1.17.1/denonext/pdf-lib.bundle.mjs": "665d8e790aaed94fa0ef44d532e60b7ec41482dab328a7cc169f85261fff3b2c",
    "https://esm.sh/pdf-lib@1.17.1/denonext/pdf-lib.mjs": "3be07aa3466e0e9eee79730a775211d6bb8547c0cb9d203c09dde6feca1dc559",
    "https://esm.sh/pdf-lib@1.17.1?bundle-deps": "07bd508bc8a317a890bf286fb5a419aa065a045ec5b9d7fa73fc413bb4b32e33",
    "https://esm.sh/tslib@1.14.1/denonext/tslib.mjs": "748739307d67fbaa8ae634eed70715714dd1f54f04fe8635bcb7f72cb0aaed62",
    "https://esm.sh/tslib@1.14.1?target=denonext": "2982231d9e09e6f007540c7a24c12a7cccb0e84ca98df2ad86ff2bdca1c0fa35"
  },
  "workspace": {
    "packageJson": {
      "dependencies": [
        "npm:concurrently@^9.1.0",
        "npm:http-server@^14.1.1",
        "npm:netlify-cli@24",
        "npm:pdf-lib@^1.17.1"
      ]
    }
  }
}
